{
    "_readme": [
        "This file locks the dependencies of your project to a known state",
        "Read more about it at https://getcomposer.org/doc/01-basic-usage.md#composer-lock-the-lock-file",
        "This file is @generated automatically"
    ],
    "hash": "ee27e50d1e3076577a14616ae37eba0c",
    "content-hash": "47ec8128462050957a1c5be0496021d3",
    "packages": [
        {
            "name": "dropbox/dropbox-sdk",
            "version": "v1.1.7",
            "source": {
                "type": "git",
                "url": "https://github.com/dropbox/dropbox-sdk-php.git",
                "reference": "0f1a178ca9c0271bca6426dde8f5a2241578deae"
            },
            "dist": {
                "type": "zip",
                "url": "https://api.github.com/repos/dropbox/dropbox-sdk-php/zipball/0f1a178ca9c0271bca6426dde8f5a2241578deae",
                "reference": "0f1a178ca9c0271bca6426dde8f5a2241578deae",
                "shasum": ""
            },
            "require": {
                "ext-curl": "*",
                "php": ">= 5.3"
            },
            "require-dev": {
                "apigen/apigen": "4.1.2",
                "phpunit/phpunit": "~4.0",
                "squizlabs/php_codesniffer": "2.0.0RC3"
            },
            "type": "library",
            "autoload": {
                "psr-0": {
                    "Dropbox": "lib/"
                }
            },
            "notification-url": "https://packagist.org/downloads/",
            "license": [
                "MIT"
            ],
            "description": "Dropbox SDK for PHP",
            "keywords": [
                "dropbox"
            ],
            "time": "2016-08-08 23:48:49"
        }
    ],
    "packages-dev": [
        {
            "name": "heroku/heroku-buildpack-php",
            "version": "v114",
            "source": {
                "type": "git",
                "url": "https://github.com/heroku/heroku-buildpack-php.git",
                "reference": "a2222b58a1591c789fc987e797cc824e5a7e125d"
            },
            "dist": {
                "type": "zip",
                "url": "https://api.github.com/repos/heroku/heroku-buildpack-php/zipball/a2222b58a1591c789fc987e797cc824e5a7e125d",
                "reference": "a2222b58a1591c789fc987e797cc824e5a7e125d",
                "shasum": ""
            },
            "bin": [
                "bin/heroku-hhvm-apache2",
                "bin/heroku-hhvm-nginx",
                "bin/heroku-php-apache2",
                "bin/heroku-php-nginx"
            ],
            "type": "library",
            "notification-url": "https://packagist.org/downloads/",
            "license": [
                "MIT"
            ],
            "authors": [
                {
                    "name": "David Zuelke",
                    "email": "dz@heroku.com"
                }
            ],
            "description": "Toolkit for starting a PHP application locally, with or without foreman, using the same config for PHP/HHVM and Apache2/Nginx as on Heroku",
            "homepage": "https://github.com/heroku/heroku-buildpack-php",
            "keywords": [
                "apache",
                "apache2",
                "foreman",
                "heroku",
                "hhvm",
                "nginx",
                "php"
            ],
            "time": "2016-11-10 23:19:38"
        }
    ],
    "aliases": [],
    "minimum-stability": "stable",
    "stability-flags": [],
    "prefer-stable": false,
    "prefer-lowest": false,
    "platform": {
        "php": "~5.6.0",
        "ext-mbstring": "*"
    },
    "platform-dev": []
}
